// !$*UTF8*$!
{
	archiveVersion = 1;
	classes = {
	};
	objectVersion = 77;
	objects = {

/* Begin PBXContainerItemProxy section */
		E60785CC2DE8436900DD18D7 /* PBXContainerItemProxy */ = {
			isa = PBXContainerItemProxy;
			containerPortal = E60785B32DE8436700DD18D7 /* Project object */;
			proxyType = 1;
			remoteGlobalIDString = E60785BA2DE8436700DD18D7;
			remoteInfo = MemoTree;
		};
		E60785D62DE8436900DD18D7 /* PBXContainerItemProxy */ = {
			isa = PBXContainerItemProxy;
			containerPortal = E60785B32DE8436700DD18D7 /* Project object */;
			proxyType = 1;
			remoteGlobalIDString = E60785BA2DE8436700DD18D7;
			remoteInfo = MemoTree;
		};
/* End PBXContainerItemProxy section */

/* Begin PBXFileReference section */
		E60785BB2DE8436700DD18D7 /* MemoTree.app */ = {isa = PBXFileReference; explicitFileType = wrapper.application; includeInIndex = 0; path = MemoTree.app; sourceTree = BUILT_PRODUCTS_DIR; };
		E60785CB2DE8436900DD18D7 /* MemoTreeTests.xctest */ = {isa = PBXFileReference; explicitFileType = wrapper.cfbundle; includeInIndex = 0; path = MemoTreeTests.xctest; sourceTree = BUILT_PRODUCTS_DIR; };
		E60785D52DE8436900DD18D7 /* MemoTreeUITests.xctest */ = {isa = PBXFileReference; explicitFileType = wrapper.cfbundle; includeInIndex = 0; path = MemoTreeUITests.xctest; sourceTree = BUILT_PRODUCTS_DIR; };
/* End PBXFileReference section */

/* Begin PBXFileSystemSynchronizedBuildFileExceptionSet section */
		E6B69B092DEE9C1400E5CC2F /* Exceptions for "MemoTree" folder in "MemoTreeTests" target */ = {
			isa = PBXFileSystemSynchronizedBuildFileExceptionSet;
			membershipExceptions = (
				Models/Boy_Pointing_Upward.usdz,
			);
			target = E60785CA2DE8436900DD18D7 /* MemoTreeTests */;
		};
		E6B69B0A2DEE9C1400E5CC2F /* Exceptions for "MemoTree" folder in "MemoTreeUITests" target */ = {
			isa = PBXFileSystemSynchronizedBuildFileExceptionSet;
			membershipExceptions = (
				Models/Boy_Pointing_Upward.usdz,
			);
			target = E60785D42DE8436900DD18D7 /* MemoTreeUITests */;
		};
		E6F169212DEDFC9200D4969E /* Exceptions for "MemoTree" folder in "MemoTree" target */ = {
			isa = PBXFileSystemSynchronizedBuildFileExceptionSet;
			membershipExceptions = (
				Info.plist,
			);
			target = E60785BA2DE8436700DD18D7 /* MemoTree */;
		};
/* End PBXFileSystemSynchronizedBuildFileExceptionSet section */

/* Begin PBXFileSystemSynchronizedRootGroup section */
		E60785BD2DE8436700DD18D7 /* MemoTree */ = {
			isa = PBXFileSystemSynchronizedRootGroup;
			exceptions = (
				E6F169212DEDFC9200D4969E /* Exceptions for "MemoTree" folder in "MemoTree" target */,
				E6B69B092DEE9C1400E5CC2F /* Exceptions for "MemoTree" folder in "MemoTreeTests" target */,
				E6B69B0A2DEE9C1400E5CC2F /* Exceptions for "MemoTree" folder in "MemoTreeUITests" target */,
			);
			path = MemoTree;
			sourceTree = "<group>";
		};
		E60785CE2DE8436900DD18D7 /* MemoTreeTests */ = {
			isa = PBXFileSystemSynchronizedRootGroup;
			path = MemoTreeTests;
			sourceTree = "<group>";
		};
		E60785D82DE8436900DD18D7 /* MemoTreeUITests */ = {
			isa = PBXFileSystemSynchronizedRootGroup;
			path = MemoTreeUITests;
			sourceTree = "<group>";
		};
/* End PBXFileSystemSynchronizedRootGroup section */

/* Begin PBXFrameworksBuildPhase section */
		E60785B82DE8436700DD18D7 /* Frameworks */ = {
			isa = PBXFrameworksBuildPhase;
			buildActionMask = 2147483647;
			files = (
			);
			runOnlyForDeploymentPostprocessing = 0;
		};
		E60785C82DE8436900DD18D7 /* Frameworks */ = {
			isa = PBXFrameworksBuildPhase;
			buildActionMask = 2147483647;
			files = (
			);
			runOnlyForDeploymentPostprocessing = 0;
		};
		E60785D22DE8436900DD18D7 /* Frameworks */ = {
			isa = PBXFrameworksBuildPhase;
			buildActionMask = 2147483647;
			files = (
			);
			runOnlyForDeploymentPostprocessing = 0;
		};
/* End PBXFrameworksBuildPhase section */

/* Begin PBXGroup section */
		E60785B22DE8436700DD18D7 = {
			isa = PBXGroup;
			children = (
				E60785BD2DE8436700DD18D7 /* MemoTree */,
				E60785CE2DE8436900DD18D7 /* MemoTreeTests */,
				E60785D82DE8436900DD18D7 /* MemoTreeUITests */,
				E60785BC2DE8436700DD18D7 /* Products */,
			);
			sourceTree = "<group>";
		};
		E60785BC2DE8436700DD18D7 /* Products */ = {
			isa = PBXGroup;
			children = (
				E60785BB2DE8436700DD18D7 /* MemoTree.app */,
				E60785CB2DE8436900DD18D7 /* MemoTreeTests.xctest */,
				E60785D52DE8436900DD18D7 /* MemoTreeUITests.xctest */,
			);
			name = Products;
			sourceTree = "<group>";
		};
/* End PBXGroup section */

/* Begin PBXNativeTarget section */
		E60785BA2DE8436700DD18D7 /* MemoTree */ = {
			isa = PBXNativeTarget;
			buildConfigurationList = E60785DF2DE8436900DD18D7 /* Build configuration list for PBXNativeTarget "MemoTree" */;
			buildPhases = (
				E60785B72DE8436700DD18D7 /* Sources */,
				E60785B82DE8436700DD18D7 /* Frameworks */,
				E60785B92DE8436700DD18D7 /* Resources */,
			);
			buildRules = (
			);
			dependencies = (
			);
			fileSystemSynchronizedGroups = (
				E60785BD2DE8436700DD18D7 /* MemoTree */,
			);
			name = MemoTree;
			packageProductDependencies = (
			);
			productName = MemoTree;
			productReference = E60785BB2DE8436700DD18D7 /* MemoTree.app */;
			productType = "com.apple.product-type.application";
		};
		E60785CA2DE8436900DD18D7 /* MemoTreeTests */ = {
			isa = PBXNativeTarget;
			buildConfigurationList = E60785E22DE8436900DD18D7 /* Build configuration list for PBXNativeTarget "MemoTreeTests" */;
			buildPhases = (
				E60785C72DE8436900DD18D7 /* Sources */,
				E60785C82DE8436900DD18D7 /* Frameworks */,
				E60785C92DE8436900DD18D7 /* Resources */,
			);
			buildRules = (
			);
			dependencies = (
				E60785CD2DE8436900DD18D7 /* PBXTargetDependency */,
			);
			fileSystemSynchronizedGroups = (
				E60785CE2DE8436900DD18D7 /* MemoTreeTests */,
			);
			name = MemoTreeTests;
			packageProductDependencies = (
			);
			productName = MemoTreeTests;
			productReference = E60785CB2DE8436900DD18D7 /* MemoTreeTests.xctest */;
			productType = "com.apple.product-type.bundle.unit-test";
		};
		E60785D42DE8436900DD18D7 /* MemoTreeUITests */ = {
			isa = PBXNativeTarget;
			buildConfigurationList = E60785E52DE8436900DD18D7 /* Build configuration list for PBXNativeTarget "MemoTreeUITests" */;
			buildPhases = (
				E60785D12DE8436900DD18D7 /* Sources */,
				E60785D22DE8436900DD18D7 /* Frameworks */,
				E60785D32DE8436900DD18D7 /* Resources */,
			);
			buildRules = (
			);
			dependencies = (
				E60785D72DE8436900DD18D7 /* PBXTargetDependency */,
			);
			fileSystemSynchronizedGroups = (
				E60785D82DE8436900DD18D7 /* MemoTreeUITests */,
			);
			name = MemoTreeUITests;
			packageProductDependencies = (
			);
			productName = MemoTreeUITests;
			productReference = E60785D52DE8436900DD18D7 /* MemoTreeUITests.xctest */;
			productType = "com.apple.product-type.bundle.ui-testing";
		};
/* End PBXNativeTarget section */

/* Begin PBXProject section */
		E60785B32DE8436700DD18D7 /* Project object */ = {
			isa = PBXProject;
			attributes = {
				BuildIndependentTargetsInParallel = 1;
				LastSwiftUpdateCheck = 1610;
				LastUpgradeCheck = 1610;
				TargetAttributes = {
					E60785BA2DE8436700DD18D7 = {
						CreatedOnToolsVersion = 16.1;
					};
					E60785CA2DE8436900DD18D7 = {
						CreatedOnToolsVersion = 16.1;
						TestTargetID = E60785BA2DE8436700DD18D7;
					};
					E60785D42DE8436900DD18D7 = {
						CreatedOnToolsVersion = 16.1;
						TestTargetID = E60785BA2DE8436700DD18D7;
					};
				};
			};
			buildConfigurationList = E60785B62DE8436700DD18D7 /* Build configuration list for PBXProject "MemoTree" */;
			developmentRegion = en;
			hasScannedForEncodings = 0;
			knownRegions = (
				en,
				Base,
			);
			mainGroup = E60785B22DE8436700DD18D7;
			minimizedProjectReferenceProxies = 1;
			preferredProjectObjectVersion = 77;
			productRefGroup = E60785BC2DE8436700DD18D7 /* Products */;
			projectDirPath = "";
			projectRoot = "";
			targets = (
				E60785BA2DE8436700DD18D7 /* MemoTree */,
				E60785CA2DE8436900DD18D7 /* MemoTreeTests */,
				E60785D42DE8436900DD18D7 /* MemoTreeUITests */,
			);
		};
/* End PBXProject section */

/* Begin PBXResourcesBuildPhase section */
		E60785B92DE8436700DD18D7 /* Resources */ = {
			isa = PBXResourcesBuildPhase;
			buildActionMask = 2147483647;
			files = (
			);
			runOnlyForDeploymentPostprocessing = 0;
		};
		E60785C92DE8436900DD18D7 /* Resources */ = {
			isa = PBXResourcesBuildPhase;
			buildActionMask = 2147483647;
			files = (
			);
			runOnlyForDeploymentPostprocessing = 0;
		};
		E60785D32DE8436900DD18D7 /* Resources */ = {
			isa = PBXResourcesBuildPhase;
			buildActionMask = 2147483647;
			files = (
			);
			runOnlyForDeploymentPostprocessing = 0;
		};
/* End PBXResourcesBuildPhase section */

/* Begin PBXSourcesBuildPhase section */
		E60785B72DE8436700DD18D7 /* Sources */ = {
			isa = PBXSourcesBuildPhase;
			buildActionMask = 2147483647;
			files = (
			);
			runOnlyForDeploymentPostprocessing = 0;
		};
		E60785C72DE8436900DD18D7 /* Sources */ = {
			isa = PBXSourcesBuildPhase;
			buildActionMask = 2147483647;
			files = (
			);
			runOnlyForDeploymentPostprocessing = 0;
		};
		E60785D12DE8436900DD18D7 /* Sources */ = {
			isa = PBXSourcesBuildPhase;
			buildActionMask = 2147483647;
			files = (
			);
			runOnlyForDeploymentPostprocessing = 0;
		};
/* End PBXSourcesBuildPhase section */

/* Begin PBXTargetDependency section */
		E60785CD2DE8436900DD18D7 /* PBXTargetDependency */ = {
			isa = PBXTargetDependency;
			target = E60785BA2DE8436700DD18D7 /* MemoTree */;
			targetProxy = E60785CC2DE8436900DD18D7 /* PBXContainerItemProxy */;
		};
		E60785D72DE8436900DD18D7 /* PBXTargetDependency */ = {
			isa = PBXTargetDependency;
			target = E60785BA2DE8436700DD18D7 /* MemoTree */;
			targetProxy = E60785D62DE8436900DD18D7 /* PBXContainerItemProxy */;
		};
/* End PBXTargetDependency section */

/* Begin XCBuildConfiguration section */
		E60785DD2DE8436900DD18D7 /* Debug */ = {
			isa = XCBuildConfiguration;
			buildSettings = {
				ALWAYS_SEARCH_USER_PATHS = NO;
				ASSETCATALOG_COMPILER_GENERATE_SWIFT_ASSET_SYMBOL_EXTENSIONS = YES;
				CLANG_ANALYZER_NONNULL = YES;
				CLANG_ANALYZER_NUMBER_OBJECT_CONVERSION = YES_AGGRESSIVE;
				CLANG_CXX_LANGUAGE_STANDARD = "gnu++20";
				CLANG_ENABLE_MODULES = YES;
				CLANG_ENABLE_OBJC_ARC = YES;
				CLANG_ENABLE_OBJC_WEAK = YES;
				CLANG_WARN_BLOCK_CAPTURE_AUTORELEASING = YES;
				CLANG_WARN_BOOL_CONVERSION = YES;
				CLANG_WARN_COMMA = YES;
				CLANG_WARN_CONSTANT_CONVERSION = YES;
				CLANG_WARN_DEPRECATED_OBJC_IMPLEMENTATIONS = YES;
				CLANG_WARN_DIRECT_OBJC_ISA_USAGE = YES_ERROR;
				CLANG_WARN_DOCUMENTATION_COMMENTS = YES;
				CLANG_WARN_EMPTY_BODY = YES;
				CLANG_WARN_ENUM_CONVERSION = YES;
				CLANG_WARN_INFINITE_RECURSION = YES;
				CLANG_WARN_INT_CONVERSION = YES;
				CLANG_WARN_NON_LITERAL_NULL_CONVERSION = YES;
				CLANG_WARN_OBJC_IMPLICIT_RETAIN_SELF = YES;
				CLANG_WARN_OBJC_LITERAL_CONVERSION = YES;
				CLANG_WARN_OBJC_ROOT_CLASS = YES_ERROR;
				CLANG_WARN_QUOTED_INCLUDE_IN_FRAMEWORK_HEADER = YES;
				CLANG_WARN_RANGE_LOOP_ANALYSIS = YES;
				CLANG_WARN_STRICT_PROTOTYPES = YES;
				CLANG_WARN_SUSPICIOUS_MOVE = YES;
				CLANG_WARN_UNGUARDED_AVAILABILITY = YES_AGGRESSIVE;
				CLANG_WARN_UNREACHABLE_CODE = YES;
				CLANG_WARN__DUPLICATE_METHOD_MATCH = YES;
				COPY_PHASE_STRIP = NO;
				DEBUG_INFORMATION_FORMAT = dwarf;
				ENABLE_STRICT_OBJC_MSGSEND = YES;
				ENABLE_TESTABILITY = YES;
				ENABLE_USER_SCRIPT_SANDBOXING = YES;
				GCC_C_LANGUAGE_STANDARD = gnu17;
				GCC_DYNAMIC_NO_PIC = NO;
				GCC_NO_COMMON_BLOCKS = YES;
				GCC_OPTIMIZATION_LEVEL = 0;
				GCC_PREPROCESSOR_DEFINITIONS = (
					"DEBUG=1",
					"$(inherited)",
				);
				GCC_WARN_64_TO_32_BIT_CONVERSION = YES;
				GCC_WARN_ABOUT_RETURN_TYPE = YES_ERROR;
				GCC_WARN_UNDECLARED_SELECTOR = YES;
				GCC_WARN_UNINITIALIZED_AUTOS = YES_AGGRESSIVE;
				GCC_WARN_UNUSED_FUNCTION = YES;
				GCC_WARN_UNUSED_VARIABLE = YES;
				IPHONEOS_DEPLOYMENT_TARGET = 18.1;
				LOCALIZATION_PREFERS_STRING_CATALOGS = YES;
				MTL_ENABLE_DEBUG_INFO = INCLUDE_SOURCE;
				MTL_FAST_MATH = YES;
				ONLY_ACTIVE_ARCH = YES;
				SDKROOT = iphoneos;
				SWIFT_ACTIVE_COMPILATION_CONDITIONS = "DEBUG $(inherited)";
				SWIFT_OPTIMIZATION_LEVEL = "-Onone";
			};
			name = Debug;
		};
		E60785DE2DE8436900DD18D7 /* Release */ = {
			isa = XCBuildConfiguration;
			buildSettings = {
				ALWAYS_SEARCH_USER_PATHS = NO;
				ASSETCATALOG_COMPILER_GENERATE_SWIFT_ASSET_SYMBOL_EXTENSIONS = YES;
				CLANG_ANALYZER_NONNULL = YES;
				CLANG_ANALYZER_NUMBER_OBJECT_CONVERSION = YES_AGGRESSIVE;
				CLANG_CXX_LANGUAGE_STANDARD = "gnu++20";
				CLANG_ENABLE_MODULES = YES;
				CLANG_ENABLE_OBJC_ARC = YES;
				CLANG_ENABLE_OBJC_WEAK = YES;
				CLANG_WARN_BLOCK_CAPTURE_AUTORELEASING = YES;
				CLANG_WARN_BOOL_CONVERSION = YES;
				CLANG_WARN_COMMA = YES;
				CLANG_WARN_CONSTANT_CONVERSION = YES;
				CLANG_WARN_DEPRECATED_OBJC_IMPLEMENTATIONS = YES;
				CLANG_WARN_DIRECT_OBJC_ISA_USAGE = YES_ERROR;
				CLANG_WARN_DOCUMENTATION_COMMENTS = YES;
				CLANG_WARN_EMPTY_BODY = YES;
				CLANG_WARN_ENUM_CONVERSION = YES;
				CLANG_WARN_INFINITE_RECURSION = YES;
				CLANG_WARN_INT_CONVERSION = YES;
				CLANG_WARN_NON_LITERAL_NULL_CONVERSION = YES;
				CLANG_WARN_OBJC_IMPLICIT_RETAIN_SELF = YES;
				CLANG_WARN_OBJC_LITERAL_CONVERSION = YES;
				CLANG_WARN_OBJC_ROOT_CLASS = YES_ERROR;
				CLANG_WARN_QUOTED_INCLUDE_IN_FRAMEWORK_HEADER = YES;
				CLANG_WARN_RANGE_LOOP_ANALYSIS = YES;
				CLANG_WARN_STRICT_PROTOTYPES = YES;
				CLANG_WARN_SUSPICIOUS_MOVE = YES;
				CLANG_WARN_UNGUARDED_AVAILABILITY = YES_AGGRESSIVE;
				CLANG_WARN_UNREACHABLE_CODE = YES;
				CLANG_WARN__DUPLICATE_METHOD_MATCH = YES;
				COPY_PHASE_STRIP = NO;
				DEBUG_INFORMATION_FORMAT = "dwarf-with-dsym";
				ENABLE_NS_ASSERTIONS = NO;
				ENABLE_STRICT_OBJC_MSGSEND = YES;
				ENABLE_USER_SCRIPT_SANDBOXING = YES;
				GCC_C_LANGUAGE_STANDARD = gnu17;
				GCC_NO_COMMON_BLOCKS = YES;
				GCC_WARN_64_TO_32_BIT_CONVERSION = YES;
				GCC_WARN_ABOUT_RETURN_TYPE = YES_ERROR;
				GCC_WARN_UNDECLARED_SELECTOR = YES;
				GCC_WARN_UNINITIALIZED_AUTOS = YES_AGGRESSIVE;
				GCC_WARN_UNUSED_FUNCTION = YES;
				GCC_WARN_UNUSED_VARIABLE = YES;
				IPHONEOS_DEPLOYMENT_TARGET = 18.1;
				LOCALIZATION_PREFERS_STRING_CATALOGS = YES;
				MTL_ENABLE_DEBUG_INFO = NO;
				MTL_FAST_MATH = YES;
				SDKROOT = iphoneos;
				SWIFT_COMPILATION_MODE = wholemodule;
				VALIDATE_PRODUCT = YES;
			};
			name = Release;
		};
		E60785E02DE8436900DD18D7 /* Debug */ = {
			isa = XCBuildConfiguration;
			buildSettings = {
				ASSETCATALOG_COMPILER_APPICON_NAME = AppIcon;
				ASSETCATALOG_COMPILER_GLOBAL_ACCENT_COLOR_NAME = AccentColor;
				CODE_SIGN_STYLE = Automatic;
				CURRENT_PROJECT_VERSION = 1;
				DEVELOPMENT_ASSET_PATHS = "\"MemoTree/Preview Content\"";
				DEVELOPMENT_TEAM = 24HU3P98FD;
				ENABLE_PREVIEWS = YES;
				GENERATE_INFOPLIST_FILE = YES;
				INFOPLIST_FILE = MemoTree/Info.plist;
				INFOPLIST_KEY_UIApplicationSceneManifest_Generation = YES;
				INFOPLIST_KEY_UIApplicationSupportsIndirectInputEvents = YES;
				INFOPLIST_KEY_UILaunchScreen_Generation = YES;
				INFOPLIST_KEY_UISupportedInterfaceOrientations_iPad = "UIInterfaceOrientationPortrait UIInterfaceOrientationPortraitUpsideDown UIInterfaceOrientationLandscapeLeft UIInterfaceOrientationLandscapeRight";
				INFOPLIST_KEY_UISupportedInterfaceOrientations_iPhone = "UIInterfaceOrientationPortrait UIInterfaceOrientationLandscapeLeft UIInterfaceOrientationLandscapeRight";
				LD_RUNPATH_SEARCH_PATHS = (
					"$(inherited)",
					"@executable_path/Frameworks",
				);
				MARKETING_VERSION = 1.0;
				PRODUCT_BUNDLE_IDENTIFIER = zjc.MemoTree;
				PRODUCT_NAME = "$(TARGET_NAME)";
				SWIFT_EMIT_LOC_STRINGS = YES;
				SWIFT_VERSION = 5.0;
				TARGETED_DEVICE_FAMILY = "1,2";
			};
			name = Debug;
		};
		E60785E12DE8436900DD18D7 /* Release */ = {
			isa = XCBuildConfiguration;
			buildSettings = {
				ASSETCATALOG_COMPILER_APPICON_NAME = AppIcon;
				ASSETCATALOG_COMPILER_GLOBAL_ACCENT_COLOR_NAME = AccentColor;
				CODE_SIGN_STYLE = Automatic;
				CURRENT_PROJECT_VERSION = 1;
				DEVELOPMENT_ASSET_PATHS = "\"MemoTree/Preview Content\"";
				DEVELOPMENT_TEAM = 24HU3P98FD;
				ENABLE_PREVIEWS = YES;
				GENERATE_INFOPLIST_FILE = YES;
				INFOPLIST_FILE = MemoTree/Info.plist;
				INFOPLIST_KEY_UIApplicationSceneManifest_Generation = YES;
				INFOPLIST_KEY_UIApplicationSupportsIndirectInputEvents = YES;
				INFOPLIST_KEY_UILaunchScreen_Generation = YES;
				INFOPLIST_KEY_UISupportedInterfaceOrientations_iPad = "UIInterfaceOrientationPortrait UIInterfaceOrientationPortraitUpsideDown UIInterfaceOrientationLandscapeLeft UIInterfaceOrientationLandscapeRight";
				INFOPLIST_KEY_UISupportedInterfaceOrientations_iPhone = "UIInterfaceOrientationPortrait UIInterfaceOrientationLandscapeLeft UIInterfaceOrientationLandscapeRight";
				LD_RUNPATH_SEARCH_PATHS = (
					"$(inherited)",
					"@executable_path/Frameworks",
				);
				MARKETING_VERSION = 1.0;
				PRODUCT_BUNDLE_IDENTIFIER = zjc.MemoTree;
				PRODUCT_NAME = "$(TARGET_NAME)";
				SWIFT_EMIT_LOC_STRINGS = YES;
				SWIFT_VERSION = 5.0;
				TARGETED_DEVICE_FAMILY = "1,2";
			};
			name = Release;
		};
		E60785E32DE8436900DD18D7 /* Debug */ = {
			isa = XCBuildConfiguration;
			buildSettings = {
				BUNDLE_LOADER = "$(TEST_HOST)";
				CODE_SIGN_STYLE = Automatic;
				CURRENT_PROJECT_VERSION = 1;
				DEVELOPMENT_TEAM = 24HU3P98FD;
				GENERATE_INFOPLIST_FILE = YES;
				IPHONEOS_DEPLOYMENT_TARGET = 18.1;
				MARKETING_VERSION = 1.0;
				PRODUCT_BUNDLE_IDENTIFIER = zjc.MemoTreeTests;
				PRODUCT_NAME = "$(TARGET_NAME)";
				SWIFT_EMIT_LOC_STRINGS = NO;
				SWIFT_VERSION = 5.0;
				TARGETED_DEVICE_FAMILY = "1,2";
				TEST_HOST = "$(BUILT_PRODUCTS_DIR)/MemoTree.app/$(BUNDLE_EXECUTABLE_FOLDER_PATH)/MemoTree";
			};
			name = Debug;
		};
		E60785E42DE8436900DD18D7 /* Release */ = {
			isa = XCBuildConfiguration;
			buildSettings = {
				BUNDLE_LOADER = "$(TEST_HOST)";
				CODE_SIGN_STYLE = Automatic;
				CURRENT_PROJECT_VERSION = 1;
				DEVELOPMENT_TEAM = 24HU3P98FD;
				GENERATE_INFOPLIST_FILE = YES;
				IPHONEOS_DEPLOYMENT_TARGET = 18.1;
				MARKETING_VERSION = 1.0;
				PRODUCT_BUNDLE_IDENTIFIER = zjc.MemoTreeTests;
				PRODUCT_NAME = "$(TARGET_NAME)";
				SWIFT_EMIT_LOC_STRINGS = NO;
				SWIFT_VERSION = 5.0;
				TARGETED_DEVICE_FAMILY = "1,2";
				TEST_HOST = "$(BUILT_PRODUCTS_DIR)/MemoTree.app/$(BUNDLE_EXECUTABLE_FOLDER_PATH)/MemoTree";
			};
			name = Release;
		};
		E60785E62DE8436900DD18D7 /* Debug */ = {
			isa = XCBuildConfiguration;
			buildSettings = {
				CODE_SIGN_STYLE = Automatic;
				CURRENT_PROJECT_VERSION = 1;
				DEVELOPMENT_TEAM = 24HU3P98FD;
				GENERATE_INFOPLIST_FILE = YES;
				MARKETING_VERSION = 1.0;
				PRODUCT_BUNDLE_IDENTIFIER = zjc.MemoTreeUITests;
				PRODUCT_NAME = "$(TARGET_NAME)";
				SWIFT_EMIT_LOC_STRINGS = NO;
				SWIFT_VERSION = 5.0;
				TARGETED_DEVICE_FAMILY = "1,2";
				TEST_TARGET_NAME = MemoTree;
			};
			name = Debug;
		};
		E60785E72DE8436900DD18D7 /* Release */ = {
			isa = XCBuildConfiguration;
			buildSettings = {
				CODE_SIGN_STYLE = Automatic;
				CURRENT_PROJECT_VERSION = 1;
				DEVELOPMENT_TEAM = 24HU3P98FD;
				GENERATE_INFOPLIST_FILE = YES;
				MARKETING_VERSION = 1.0;
				PRODUCT_BUNDLE_IDENTIFIER = zjc.MemoTreeUITests;
				PRODUCT_NAME = "$(TARGET_NAME)";
				SWIFT_EMIT_LOC_STRINGS = NO;
				SWIFT_VERSION = 5.0;
				TARGETED_DEVICE_FAMILY = "1,2";
				TEST_TARGET_NAME = MemoTree;
			};
			name = Release;
		};
/* End XCBuildConfiguration section */

/* Begin XCConfigurationList section */
		E60785B62DE8436700DD18D7 /* Build configuration list for PBXProject "MemoTree" */ = {
			isa = XCConfigurationList;
			buildConfigurations = (
				E60785DD2DE8436900DD18D7 /* Debug */,
				E60785DE2DE8436900DD18D7 /* Release */,
			);
			defaultConfigurationIsVisible = 0;
			defaultConfigurationName = Release;
		};
		E60785DF2DE8436900DD18D7 /* Build configuration list for PBXNativeTarget "MemoTree" */ = {
			isa = XCConfigurationList;
			buildConfigurations = (
				E60785E02DE8436900DD18D7 /* Debug */,
				E60785E12DE8436900DD18D7 /* Release */,
			);
			defaultConfigurationIsVisible = 0;
			defaultConfigurationName = Release;
		};
		E60785E22DE8436900DD18D7 /* Build configuration list for PBXNativeTarget "MemoTreeTests" */ = {
			isa = XCConfigurationList;
			buildConfigurations = (
				E60785E32DE8436900DD18D7 /* Debug */,
				E60785E42DE8436900DD18D7 /* Release */,
			);
			defaultConfigurationIsVisible = 0;
			defaultConfigurationName = Release;
		};
		E60785E52DE8436900DD18D7 /* Build configuration list for PBXNativeTarget "MemoTreeUITests" */ = {
			isa = XCConfigurationList;
			buildConfigurations = (
				E60785E62DE8436900DD18D7 /* Debug */,
				E60785E72DE8436900DD18D7 /* Release */,
			);
			defaultConfigurationIsVisible = 0;
			defaultConfigurationName = Release;
		};
/* End XCConfigurationList section */
	};
	rootObject = E60785B32DE8436700DD18D7 /* Project object */;
}
